
Microsoft Visual Studio Solution File, Format Version 12.00
# Visual Studio Version 16
VisualStudioVersion = 16.0.32002.261
MinimumVisualStudioVersion = 10.0.40219.1
Project("{FAE04EC0-301F-11D3-BF4B-00C04F79EFBC}") = "EmployeeWage-day9", "EmployeeWage-day9\EmployeeWage-day9.csproj", "{DE8907C0-FCAF-4AE1-AFAE-8BB3D08F1418}"
EndProject
Global
	GlobalSection(SolutionConfigurationPlatforms) = preSolution
		Debug|Any CPU = Debug|Any CPU
		Release|Any CPU = Release|Any CPU
	EndGlobalSection
	GlobalSection(ProjectConfigurationPlatforms) = postSolution
		{DE8907C0-FCAF-4AE1-AFAE-8BB3D08F1418}.Debug|Any CPU.ActiveCfg = Debug|Any CPU
		{DE8907C0-FCAF-4AE1-AFAE-8BB3D08F1418}.Debug|Any CPU.Build.0 = Debug|Any CPU
		{DE8907C0-FCAF-4AE1-AFAE-8BB3D08F1418}.Release|Any CPU.ActiveCfg = Release|Any CPU
		{DE8907C0-FCAF-4AE1-AFAE-8BB3D08F1418}.Release|Any CPU.Build.0 = Release|Any CPU
	EndGlobalSection
	GlobalSection(SolutionProperties) = preSolution
		HideSolutionNode = FALSE
	EndGlobalSection
	GlobalSection(ExtensibilityGlobals) = postSolution
		SolutionGuid = {953F81BC-A10B-4605-827C-ED78B1817E36}
	EndGlobalSection
EndGlobal
